
Microsoft Visual Studio Solution File, Format Version 12.00
# Visual Studio Version 16
VisualStudioVersion = 16.0.29326.143
MinimumVisualStudioVersion = 10.0.40219.1
Project("{FAE04EC0-301F-11D3-BF4B-00C04F79EFBC}") = "TESTER", "TESTER\TESTER.csproj", "{DBAE6AAF-2B5B-401E-AA6C-261E8889D579}"
EndProject
Global
	GlobalSection(SolutionConfigurationPlatforms) = preSolution
		Debug|Any CPU = Debug|Any CPU
		Release|Any CPU = Release|Any CPU
	EndGlobalSection
	GlobalSection(ProjectConfigurationPlatforms) = postSolution
		{DBAE6AAF-2B5B-401E-AA6C-261E8889D579}.Debug|Any CPU.ActiveCfg = Debug|Any CPU
		{DBAE6AAF-2B5B-401E-AA6C-261E8889D579}.Debug|Any CPU.Build.0 = Debug|Any CPU
		{DBAE6AAF-2B5B-401E-AA6C-261E8889D579}.Release|Any CPU.ActiveCfg = Release|Any CPU
		{DBAE6AAF-2B5B-401E-AA6C-261E8889D579}.Release|Any CPU.Build.0 = Release|Any CPU
	EndGlobalSection
	GlobalSection(SolutionProperties) = preSolution
		HideSolutionNode = FALSE
	EndGlobalSection
	GlobalSection(ExtensibilityGlobals) = postSolution
		SolutionGuid = {664A02FA-A680-4CB9-8275-F2E38E075EAD}
	EndGlobalSection
EndGlobal
